
Microsoft Visual Studio Solution File, Format Version 12.00
# Visual Studio 15
VisualStudioVersion = 15.0.27703.2000
MinimumVisualStudioVersion = 10.0.40219.1
Project("{FAE04EC0-301F-11D3-BF4B-00C04F79EFBC}") = "Opgave1", "Opgave1\Opgave1.csproj", "{9FF3016A-5983-4A2F-A0B2-468C4D51A982}"
EndProject
Project("{FAE04EC0-301F-11D3-BF4B-00C04F79EFBC}") = "opgave2", "opgave2\opgave2.csproj", "{A6711E25-9794-411B-9B49-2036EEC0A006}"
EndProject
Project("{FAE04EC0-301F-11D3-BF4B-00C04F79EFBC}") = "Opgave3", "Opgave3\Opgave3.csproj", "{3CFE7E10-B558-4DC1-B8E9-C3971BD85AB4}"
EndProject
Project("{FAE04EC0-301F-11D3-BF4B-00C04F79EFBC}") = "Arrays", "Arrays\Arrays.csproj", "{20429E04-023F-455E-ACE3-3866D21E3658}"
EndProject
Project("{FAE04EC0-301F-11D3-BF4B-00C04F79EFBC}") = "opgave5", "opgave5\opgave5.csproj", "{1A6770E0-0A73-4C82-8166-3DDED208FA66}"
EndProject
Project("{FAE04EC0-301F-11D3-BF4B-00C04F79EFBC}") = "opgave6", "opgave6\opgave6.csproj", "{5858B96A-3FDC-49C0-8BD3-EC52F21FD26D}"
EndProject
Global
	GlobalSection(SolutionConfigurationPlatforms) = preSolution
		Debug|Any CPU = Debug|Any CPU
		Release|Any CPU = Release|Any CPU
	EndGlobalSection
	GlobalSection(ProjectConfigurationPlatforms) = postSolution
		{9FF3016A-5983-4A2F-A0B2-468C4D51A982}.Debug|Any CPU.ActiveCfg = Debug|Any CPU
		{9FF3016A-5983-4A2F-A0B2-468C4D51A982}.Debug|Any CPU.Build.0 = Debug|Any CPU
		{9FF3016A-5983-4A2F-A0B2-468C4D51A982}.Release|Any CPU.ActiveCfg = Release|Any CPU
		{9FF3016A-5983-4A2F-A0B2-468C4D51A982}.Release|Any CPU.Build.0 = Release|Any CPU
		{A6711E25-9794-411B-9B49-2036EEC0A006}.Debug|Any CPU.ActiveCfg = Debug|Any CPU
		{A6711E25-9794-411B-9B49-2036EEC0A006}.Debug|Any CPU.Build.0 = Debug|Any CPU
		{A6711E25-9794-411B-9B49-2036EEC0A006}.Release|Any CPU.ActiveCfg = Release|Any CPU
		{A6711E25-9794-411B-9B49-2036EEC0A006}.Release|Any CPU.Build.0 = Release|Any CPU
		{3CFE7E10-B558-4DC1-B8E9-C3971BD85AB4}.Debug|Any CPU.ActiveCfg = Debug|Any CPU
		{3CFE7E10-B558-4DC1-B8E9-C3971BD85AB4}.Debug|Any CPU.Build.0 = Debug|Any CPU
		{3CFE7E10-B558-4DC1-B8E9-C3971BD85AB4}.Release|Any CPU.ActiveCfg = Release|Any CPU
		{3CFE7E10-B558-4DC1-B8E9-C3971BD85AB4}.Release|Any CPU.Build.0 = Release|Any CPU
		{20429E04-023F-455E-ACE3-3866D21E3658}.Debug|Any CPU.ActiveCfg = Debug|Any CPU
		{20429E04-023F-455E-ACE3-3866D21E3658}.Debug|Any CPU.Build.0 = Debug|Any CPU
		{20429E04-023F-455E-ACE3-3866D21E3658}.Release|Any CPU.ActiveCfg = Release|Any CPU
		{20429E04-023F-455E-ACE3-3866D21E3658}.Release|Any CPU.Build.0 = Release|Any CPU
		{1A6770E0-0A73-4C82-8166-3DDED208FA66}.Debug|Any CPU.ActiveCfg = Debug|Any CPU
		{1A6770E0-0A73-4C82-8166-3DDED208FA66}.Debug|Any CPU.Build.0 = Debug|Any CPU
		{1A6770E0-0A73-4C82-8166-3DDED208FA66}.Release|Any CPU.ActiveCfg = Release|Any CPU
		{1A6770E0-0A73-4C82-8166-3DDED208FA66}.Release|Any CPU.Build.0 = Release|Any CPU
		{5858B96A-3FDC-49C0-8BD3-EC52F21FD26D}.Debug|Any CPU.ActiveCfg = Debug|Any CPU
		{5858B96A-3FDC-49C0-8BD3-EC52F21FD26D}.Debug|Any CPU.Build.0 = Debug|Any CPU
		{5858B96A-3FDC-49C0-8BD3-EC52F21FD26D}.Release|Any CPU.ActiveCfg = Release|Any CPU
		{5858B96A-3FDC-49C0-8BD3-EC52F21FD26D}.Release|Any CPU.Build.0 = Release|Any CPU
	EndGlobalSection
	GlobalSection(SolutionProperties) = preSolution
		HideSolutionNode = FALSE
	EndGlobalSection
	GlobalSection(ExtensibilityGlobals) = postSolution
		SolutionGuid = {AC21E7C0-BFEC-45F6-A45A-A51ED39537A6}
	EndGlobalSection
EndGlobal
