
Microsoft Visual Studio Solution File, Format Version 12.00
# Visual Studio 15
VisualStudioVersion = 15.0.27703.2000
MinimumVisualStudioVersion = 10.0.40219.1
Project("{FAE04EC0-301F-11D3-BF4B-00C04F79EFBC}") = "Opgave1", "Opgave1\Opgave1.csproj", "{9FF3016A-5983-4A2F-A0B2-468C4D51A982}"
EndProject
Project("{FAE04EC0-301F-11D3-BF4B-00C04F79EFBC}") = "opgave2", "opgave2\opgave2.csproj", "{A6711E25-9794-411B-9B49-2036EEC0A006}"
EndProject
Project("{FAE04EC0-301F-11D3-BF4B-00C04F79EFBC}") = "Opgave3", "Opgave3\Opgave3.csproj", "{3CFE7E10-B558-4DC1-B8E9-C3971BD85AB4}"
EndProject
Project("{FAE04EC0-301F-11D3-BF4B-00C04F79EFBC}") = "Arrays", "Arrays\Arrays.csproj", "{20429E04-023F-455E-ACE3-3866D21E3658}"
EndProject
Project("{FAE04EC0-301F-11D3-BF4B-00C04F79EFBC}") = "opgave5", "opgave5\opgave5.csproj", "{1A6770E0-0A73-4C82-8166-3DDED208FA66}"
EndProject
Project("{FAE04EC0-301F-11D3-BF4B-00C04F79EFBC}") = "opgave6", "opgave6\opgave6.csproj", "{5858B96A-3FDC-49C0-8BD3-EC52F21FD26D}"
EndProject
Project("{FAE04EC0-301F-11D3-BF4B-00C04F79EFBC}") = "opgave7", "opgave7\opgave7.csproj", "{6C6362B3-0408-4582-A3F6-FBFF909690A0}"
EndProject
Project("{FAE04EC0-301F-11D3-BF4B-00C04F79EFBC}") = "opgave8", "opgave8\opgave8.csproj", "{6AD21C59-B703-47F6-BBED-AA6BE8708E84}"
EndProject
Project("{FAE04EC0-301F-11D3-BF4B-00C04F79EFBC}") = "opgave9", "opgave9\opgave9.csproj", "{ABC4018D-736A-4C18-A2D8-4C761F221FBC}"
EndProject
Project("{FAE04EC0-301F-11D3-BF4B-00C04F79EFBC}") = "Hjemmeopgave1", "Hjemmeopgave1\Hjemmeopgave1.csproj", "{30B67BA4-CFA9-4D0B-AA05-50A625757EAF}"
EndProject
Project("{FAE04EC0-301F-11D3-BF4B-00C04F79EFBC}") = "opgave10", "opgave10\opgave10.csproj", "{8A2D5B57-11A9-4623-9354-96BF9B8971D6}"
EndProject
Project("{FAE04EC0-301F-11D3-BF4B-00C04F79EFBC}") = "opgave11", "opgave11\opgave11.csproj", "{FDFECA6A-14BC-451F-954E-90C54C8F2173}"
EndProject
Project("{FAE04EC0-301F-11D3-BF4B-00C04F79EFBC}") = "opgave12", "opgave12\opgave12.csproj", "{F2B09DAB-6F92-4B0D-B4B7-578C6BABB738}"
EndProject
Project("{FAE04EC0-301F-11D3-BF4B-00C04F79EFBC}") = "opgave13", "opgave13\opgave13.csproj", "{0608FE70-98DA-43B0-98C7-2A6DF4771C47}"
EndProject
Project("{FAE04EC0-301F-11D3-BF4B-00C04F79EFBC}") = "opgave14", "opgave14\opgave14.csproj", "{A41C90EF-9286-4D00-A009-DF844168064F}"
EndProject
Project("{FAE04EC0-301F-11D3-BF4B-00C04F79EFBC}") = "opgave15", "opgave15\opgave15.csproj", "{99C76043-6384-4037-ADD1-C702935F2C06}"
EndProject
Project("{FAE04EC0-301F-11D3-BF4B-00C04F79EFBC}") = "opgave16", "opgave16\opgave16.csproj", "{D2FBDA4F-00E1-40EB-84F3-A55B0A7371E9}"
EndProject
Project("{FAE04EC0-301F-11D3-BF4B-00C04F79EFBC}") = "opgave17", "opgave17\opgave17.csproj", "{C4C593EB-B59C-4A55-A4A9-E4E1EC8E14C8}"
EndProject
Project("{FAE04EC0-301F-11D3-BF4B-00C04F79EFBC}") = "opgave18", "opgave18\opgave18.csproj", "{FC44FFED-5C31-4957-973E-6ADA1528B361}"
EndProject
Project("{FAE04EC0-301F-11D3-BF4B-00C04F79EFBC}") = "opgave20", "opgave20\opgave20.csproj", "{3EF8D58C-8D04-440C-812A-DCC37154ECBC}"
EndProject
Project("{FAE04EC0-301F-11D3-BF4B-00C04F79EFBC}") = "opgave21", "opgave21\opgave21.csproj", "{45C7AF48-A6CF-4BA1-9138-9789A4C88344}"
EndProject
Project("{FAE04EC0-301F-11D3-BF4B-00C04F79EFBC}") = "opgave22", "opgave22\opgave22.csproj", "{2577461B-65CB-4DE4-8A21-9CBC10DCE6F1}"
EndProject
Project("{FAE04EC0-301F-11D3-BF4B-00C04F79EFBC}") = "opgave23", "opgave23\opgave23.csproj", "{1BF57DAA-E188-4A10-AA3D-4594D4365478}"
EndProject
Project("{FAE04EC0-301F-11D3-BF4B-00C04F79EFBC}") = "opgave24", "opgave24\opgave24.csproj", "{5224005C-7D21-4CE4-8E1F-5B9424868F4D}"
EndProject
Project("{FAE04EC0-301F-11D3-BF4B-00C04F79EFBC}") = "opgave25", "opgave25\opgave25.csproj", "{99359815-48C1-4DB6-9AEE-97D85341595D}"
EndProject
Project("{FAE04EC0-301F-11D3-BF4B-00C04F79EFBC}") = "opgave26", "opgave26\opgave26.csproj", "{8493869C-F759-49F5-BFD5-723703943857}"
EndProject
Project("{FAE04EC0-301F-11D3-BF4B-00C04F79EFBC}") = "opgave27", "opgave27\opgave27.csproj", "{FD3B497F-7E10-4EB1-9A35-18E770E701E1}"
EndProject
Project("{FAE04EC0-301F-11D3-BF4B-00C04F79EFBC}") = "opgave28", "opgave28\opgave28.csproj", "{EDA180FE-D08C-4865-8582-52C87489F39C}"
EndProject
Global
	GlobalSection(SolutionConfigurationPlatforms) = preSolution
		Debug|Any CPU = Debug|Any CPU
		Release|Any CPU = Release|Any CPU
	EndGlobalSection
	GlobalSection(ProjectConfigurationPlatforms) = postSolution
		{9FF3016A-5983-4A2F-A0B2-468C4D51A982}.Debug|Any CPU.ActiveCfg = Debug|Any CPU
		{9FF3016A-5983-4A2F-A0B2-468C4D51A982}.Debug|Any CPU.Build.0 = Debug|Any CPU
		{9FF3016A-5983-4A2F-A0B2-468C4D51A982}.Release|Any CPU.ActiveCfg = Release|Any CPU
		{9FF3016A-5983-4A2F-A0B2-468C4D51A982}.Release|Any CPU.Build.0 = Release|Any CPU
		{A6711E25-9794-411B-9B49-2036EEC0A006}.Debug|Any CPU.ActiveCfg = Debug|Any CPU
		{A6711E25-9794-411B-9B49-2036EEC0A006}.Debug|Any CPU.Build.0 = Debug|Any CPU
		{A6711E25-9794-411B-9B49-2036EEC0A006}.Release|Any CPU.ActiveCfg = Release|Any CPU
		{A6711E25-9794-411B-9B49-2036EEC0A006}.Release|Any CPU.Build.0 = Release|Any CPU
		{3CFE7E10-B558-4DC1-B8E9-C3971BD85AB4}.Debug|Any CPU.ActiveCfg = Debug|Any CPU
		{3CFE7E10-B558-4DC1-B8E9-C3971BD85AB4}.Debug|Any CPU.Build.0 = Debug|Any CPU
		{3CFE7E10-B558-4DC1-B8E9-C3971BD85AB4}.Release|Any CPU.ActiveCfg = Release|Any CPU
		{3CFE7E10-B558-4DC1-B8E9-C3971BD85AB4}.Release|Any CPU.Build.0 = Release|Any CPU
		{20429E04-023F-455E-ACE3-3866D21E3658}.Debug|Any CPU.ActiveCfg = Debug|Any CPU
		{20429E04-023F-455E-ACE3-3866D21E3658}.Debug|Any CPU.Build.0 = Debug|Any CPU
		{20429E04-023F-455E-ACE3-3866D21E3658}.Release|Any CPU.ActiveCfg = Release|Any CPU
		{20429E04-023F-455E-ACE3-3866D21E3658}.Release|Any CPU.Build.0 = Release|Any CPU
		{1A6770E0-0A73-4C82-8166-3DDED208FA66}.Debug|Any CPU.ActiveCfg = Debug|Any CPU
		{1A6770E0-0A73-4C82-8166-3DDED208FA66}.Debug|Any CPU.Build.0 = Debug|Any CPU
		{1A6770E0-0A73-4C82-8166-3DDED208FA66}.Release|Any CPU.ActiveCfg = Release|Any CPU
		{1A6770E0-0A73-4C82-8166-3DDED208FA66}.Release|Any CPU.Build.0 = Release|Any CPU
		{5858B96A-3FDC-49C0-8BD3-EC52F21FD26D}.Debug|Any CPU.ActiveCfg = Debug|Any CPU
		{5858B96A-3FDC-49C0-8BD3-EC52F21FD26D}.Debug|Any CPU.Build.0 = Debug|Any CPU
		{5858B96A-3FDC-49C0-8BD3-EC52F21FD26D}.Release|Any CPU.ActiveCfg = Release|Any CPU
		{5858B96A-3FDC-49C0-8BD3-EC52F21FD26D}.Release|Any CPU.Build.0 = Release|Any CPU
		{6C6362B3-0408-4582-A3F6-FBFF909690A0}.Debug|Any CPU.ActiveCfg = Debug|Any CPU
		{6C6362B3-0408-4582-A3F6-FBFF909690A0}.Debug|Any CPU.Build.0 = Debug|Any CPU
		{6C6362B3-0408-4582-A3F6-FBFF909690A0}.Release|Any CPU.ActiveCfg = Release|Any CPU
		{6C6362B3-0408-4582-A3F6-FBFF909690A0}.Release|Any CPU.Build.0 = Release|Any CPU
		{6AD21C59-B703-47F6-BBED-AA6BE8708E84}.Debug|Any CPU.ActiveCfg = Debug|Any CPU
		{6AD21C59-B703-47F6-BBED-AA6BE8708E84}.Debug|Any CPU.Build.0 = Debug|Any CPU
		{6AD21C59-B703-47F6-BBED-AA6BE8708E84}.Release|Any CPU.ActiveCfg = Release|Any CPU
		{6AD21C59-B703-47F6-BBED-AA6BE8708E84}.Release|Any CPU.Build.0 = Release|Any CPU
		{ABC4018D-736A-4C18-A2D8-4C761F221FBC}.Debug|Any CPU.ActiveCfg = Debug|Any CPU
		{ABC4018D-736A-4C18-A2D8-4C761F221FBC}.Debug|Any CPU.Build.0 = Debug|Any CPU
		{ABC4018D-736A-4C18-A2D8-4C761F221FBC}.Release|Any CPU.ActiveCfg = Release|Any CPU
		{ABC4018D-736A-4C18-A2D8-4C761F221FBC}.Release|Any CPU.Build.0 = Release|Any CPU
		{30B67BA4-CFA9-4D0B-AA05-50A625757EAF}.Debug|Any CPU.ActiveCfg = Debug|Any CPU
		{30B67BA4-CFA9-4D0B-AA05-50A625757EAF}.Debug|Any CPU.Build.0 = Debug|Any CPU
		{30B67BA4-CFA9-4D0B-AA05-50A625757EAF}.Release|Any CPU.ActiveCfg = Release|Any CPU
		{30B67BA4-CFA9-4D0B-AA05-50A625757EAF}.Release|Any CPU.Build.0 = Release|Any CPU
		{8A2D5B57-11A9-4623-9354-96BF9B8971D6}.Debug|Any CPU.ActiveCfg = Debug|Any CPU
		{8A2D5B57-11A9-4623-9354-96BF9B8971D6}.Debug|Any CPU.Build.0 = Debug|Any CPU
		{8A2D5B57-11A9-4623-9354-96BF9B8971D6}.Release|Any CPU.ActiveCfg = Release|Any CPU
		{8A2D5B57-11A9-4623-9354-96BF9B8971D6}.Release|Any CPU.Build.0 = Release|Any CPU
		{FDFECA6A-14BC-451F-954E-90C54C8F2173}.Debug|Any CPU.ActiveCfg = Debug|Any CPU
		{FDFECA6A-14BC-451F-954E-90C54C8F2173}.Debug|Any CPU.Build.0 = Debug|Any CPU
		{FDFECA6A-14BC-451F-954E-90C54C8F2173}.Release|Any CPU.ActiveCfg = Release|Any CPU
		{FDFECA6A-14BC-451F-954E-90C54C8F2173}.Release|Any CPU.Build.0 = Release|Any CPU
		{F2B09DAB-6F92-4B0D-B4B7-578C6BABB738}.Debug|Any CPU.ActiveCfg = Debug|Any CPU
		{F2B09DAB-6F92-4B0D-B4B7-578C6BABB738}.Debug|Any CPU.Build.0 = Debug|Any CPU
		{F2B09DAB-6F92-4B0D-B4B7-578C6BABB738}.Release|Any CPU.ActiveCfg = Release|Any CPU
		{F2B09DAB-6F92-4B0D-B4B7-578C6BABB738}.Release|Any CPU.Build.0 = Release|Any CPU
		{0608FE70-98DA-43B0-98C7-2A6DF4771C47}.Debug|Any CPU.ActiveCfg = Debug|Any CPU
		{0608FE70-98DA-43B0-98C7-2A6DF4771C47}.Debug|Any CPU.Build.0 = Debug|Any CPU
		{0608FE70-98DA-43B0-98C7-2A6DF4771C47}.Release|Any CPU.ActiveCfg = Release|Any CPU
		{0608FE70-98DA-43B0-98C7-2A6DF4771C47}.Release|Any CPU.Build.0 = Release|Any CPU
		{A41C90EF-9286-4D00-A009-DF844168064F}.Debug|Any CPU.ActiveCfg = Debug|Any CPU
		{A41C90EF-9286-4D00-A009-DF844168064F}.Debug|Any CPU.Build.0 = Debug|Any CPU
		{A41C90EF-9286-4D00-A009-DF844168064F}.Release|Any CPU.ActiveCfg = Release|Any CPU
		{A41C90EF-9286-4D00-A009-DF844168064F}.Release|Any CPU.Build.0 = Release|Any CPU
		{99C76043-6384-4037-ADD1-C702935F2C06}.Debug|Any CPU.ActiveCfg = Debug|Any CPU
		{99C76043-6384-4037-ADD1-C702935F2C06}.Debug|Any CPU.Build.0 = Debug|Any CPU
		{99C76043-6384-4037-ADD1-C702935F2C06}.Release|Any CPU.ActiveCfg = Release|Any CPU
		{99C76043-6384-4037-ADD1-C702935F2C06}.Release|Any CPU.Build.0 = Release|Any CPU
		{D2FBDA4F-00E1-40EB-84F3-A55B0A7371E9}.Debug|Any CPU.ActiveCfg = Debug|Any CPU
		{D2FBDA4F-00E1-40EB-84F3-A55B0A7371E9}.Debug|Any CPU.Build.0 = Debug|Any CPU
		{D2FBDA4F-00E1-40EB-84F3-A55B0A7371E9}.Release|Any CPU.ActiveCfg = Release|Any CPU
		{D2FBDA4F-00E1-40EB-84F3-A55B0A7371E9}.Release|Any CPU.Build.0 = Release|Any CPU
		{C4C593EB-B59C-4A55-A4A9-E4E1EC8E14C8}.Debug|Any CPU.ActiveCfg = Debug|Any CPU
		{C4C593EB-B59C-4A55-A4A9-E4E1EC8E14C8}.Debug|Any CPU.Build.0 = Debug|Any CPU
		{C4C593EB-B59C-4A55-A4A9-E4E1EC8E14C8}.Release|Any CPU.ActiveCfg = Release|Any CPU
		{C4C593EB-B59C-4A55-A4A9-E4E1EC8E14C8}.Release|Any CPU.Build.0 = Release|Any CPU
		{FC44FFED-5C31-4957-973E-6ADA1528B361}.Debug|Any CPU.ActiveCfg = Debug|Any CPU
		{FC44FFED-5C31-4957-973E-6ADA1528B361}.Debug|Any CPU.Build.0 = Debug|Any CPU
		{FC44FFED-5C31-4957-973E-6ADA1528B361}.Release|Any CPU.ActiveCfg = Release|Any CPU
		{FC44FFED-5C31-4957-973E-6ADA1528B361}.Release|Any CPU.Build.0 = Release|Any CPU
		{3EF8D58C-8D04-440C-812A-DCC37154ECBC}.Debug|Any CPU.ActiveCfg = Debug|Any CPU
		{3EF8D58C-8D04-440C-812A-DCC37154ECBC}.Debug|Any CPU.Build.0 = Debug|Any CPU
		{3EF8D58C-8D04-440C-812A-DCC37154ECBC}.Release|Any CPU.ActiveCfg = Release|Any CPU
		{3EF8D58C-8D04-440C-812A-DCC37154ECBC}.Release|Any CPU.Build.0 = Release|Any CPU
		{45C7AF48-A6CF-4BA1-9138-9789A4C88344}.Debug|Any CPU.ActiveCfg = Debug|Any CPU
		{45C7AF48-A6CF-4BA1-9138-9789A4C88344}.Debug|Any CPU.Build.0 = Debug|Any CPU
		{45C7AF48-A6CF-4BA1-9138-9789A4C88344}.Release|Any CPU.ActiveCfg = Release|Any CPU
		{45C7AF48-A6CF-4BA1-9138-9789A4C88344}.Release|Any CPU.Build.0 = Release|Any CPU
		{2577461B-65CB-4DE4-8A21-9CBC10DCE6F1}.Debug|Any CPU.ActiveCfg = Debug|Any CPU
		{2577461B-65CB-4DE4-8A21-9CBC10DCE6F1}.Debug|Any CPU.Build.0 = Debug|Any CPU
		{2577461B-65CB-4DE4-8A21-9CBC10DCE6F1}.Release|Any CPU.ActiveCfg = Release|Any CPU
		{2577461B-65CB-4DE4-8A21-9CBC10DCE6F1}.Release|Any CPU.Build.0 = Release|Any CPU
		{1BF57DAA-E188-4A10-AA3D-4594D4365478}.Debug|Any CPU.ActiveCfg = Debug|Any CPU
		{1BF57DAA-E188-4A10-AA3D-4594D4365478}.Debug|Any CPU.Build.0 = Debug|Any CPU
		{1BF57DAA-E188-4A10-AA3D-4594D4365478}.Release|Any CPU.ActiveCfg = Release|Any CPU
		{1BF57DAA-E188-4A10-AA3D-4594D4365478}.Release|Any CPU.Build.0 = Release|Any CPU
		{5224005C-7D21-4CE4-8E1F-5B9424868F4D}.Debug|Any CPU.ActiveCfg = Debug|Any CPU
		{5224005C-7D21-4CE4-8E1F-5B9424868F4D}.Debug|Any CPU.Build.0 = Debug|Any CPU
		{5224005C-7D21-4CE4-8E1F-5B9424868F4D}.Release|Any CPU.ActiveCfg = Release|Any CPU
		{5224005C-7D21-4CE4-8E1F-5B9424868F4D}.Release|Any CPU.Build.0 = Release|Any CPU
		{99359815-48C1-4DB6-9AEE-97D85341595D}.Debug|Any CPU.ActiveCfg = Debug|Any CPU
		{99359815-48C1-4DB6-9AEE-97D85341595D}.Debug|Any CPU.Build.0 = Debug|Any CPU
		{99359815-48C1-4DB6-9AEE-97D85341595D}.Release|Any CPU.ActiveCfg = Release|Any CPU
		{99359815-48C1-4DB6-9AEE-97D85341595D}.Release|Any CPU.Build.0 = Release|Any CPU
		{8493869C-F759-49F5-BFD5-723703943857}.Debug|Any CPU.ActiveCfg = Debug|Any CPU
		{8493869C-F759-49F5-BFD5-723703943857}.Debug|Any CPU.Build.0 = Debug|Any CPU
		{8493869C-F759-49F5-BFD5-723703943857}.Release|Any CPU.ActiveCfg = Release|Any CPU
		{8493869C-F759-49F5-BFD5-723703943857}.Release|Any CPU.Build.0 = Release|Any CPU
		{FD3B497F-7E10-4EB1-9A35-18E770E701E1}.Debug|Any CPU.ActiveCfg = Debug|Any CPU
		{FD3B497F-7E10-4EB1-9A35-18E770E701E1}.Debug|Any CPU.Build.0 = Debug|Any CPU
		{FD3B497F-7E10-4EB1-9A35-18E770E701E1}.Release|Any CPU.ActiveCfg = Release|Any CPU
		{FD3B497F-7E10-4EB1-9A35-18E770E701E1}.Release|Any CPU.Build.0 = Release|Any CPU
		{EDA180FE-D08C-4865-8582-52C87489F39C}.Debug|Any CPU.ActiveCfg = Debug|Any CPU
		{EDA180FE-D08C-4865-8582-52C87489F39C}.Debug|Any CPU.Build.0 = Debug|Any CPU
		{EDA180FE-D08C-4865-8582-52C87489F39C}.Release|Any CPU.ActiveCfg = Release|Any CPU
		{EDA180FE-D08C-4865-8582-52C87489F39C}.Release|Any CPU.Build.0 = Release|Any CPU
	EndGlobalSection
	GlobalSection(SolutionProperties) = preSolution
		HideSolutionNode = FALSE
	EndGlobalSection
	GlobalSection(ExtensibilityGlobals) = postSolution
		SolutionGuid = {AC21E7C0-BFEC-45F6-A45A-A51ED39537A6}
	EndGlobalSection
EndGlobal
